
Microsoft Visual Studio Solution File, Format Version 12.00
# Visual Studio 15
VisualStudioVersion = 15.0.27428.2043
MinimumVisualStudioVersion = 10.0.40219.1
Project("{2150E333-8FDC-42A3-9474-1A3956D46DE8}") = "astar", "astar", "{50F490CC-45FF-46A1-AEA8-12E74C628021}"
EndProject
Project("{8BC9CEB8-8B4A-11D0-8D11-00A0C91BC942}") = "astar", "astar\astar.vcxproj", "{13E19BDB-B52F-41DA-8AC3-AA7DE939289E}"
EndProject
Project("{2150E333-8FDC-42A3-9474-1A3956D46DE8}") = "astar-viz", "astar-viz", "{C17B5506-5359-437C-8A52-7A73B950D353}"
EndProject
Project("{8BC9CEB8-8B4A-11D0-8D11-00A0C91BC942}") = "astar-viz", "astar-viz\astar-viz.vcxproj", "{E203A21B-9750-435A-8E47-83D0223E2FEF}"
EndProject
Global
	GlobalSection(SolutionConfigurationPlatforms) = preSolution
		Debug|x64 = Debug|x64
		Debug|x86 = Debug|x86
		Release|x64 = Release|x64
		Release|x86 = Release|x86
	EndGlobalSection
	GlobalSection(ProjectConfigurationPlatforms) = postSolution
		{13E19BDB-B52F-41DA-8AC3-AA7DE939289E}.Debug|x64.ActiveCfg = Debug|x64
		{13E19BDB-B52F-41DA-8AC3-AA7DE939289E}.Debug|x64.Build.0 = Debug|x64
		{13E19BDB-B52F-41DA-8AC3-AA7DE939289E}.Debug|x86.ActiveCfg = Debug|Win32
		{13E19BDB-B52F-41DA-8AC3-AA7DE939289E}.Debug|x86.Build.0 = Debug|Win32
		{13E19BDB-B52F-41DA-8AC3-AA7DE939289E}.Release|x64.ActiveCfg = Release|x64
		{13E19BDB-B52F-41DA-8AC3-AA7DE939289E}.Release|x64.Build.0 = Release|x64
		{13E19BDB-B52F-41DA-8AC3-AA7DE939289E}.Release|x86.ActiveCfg = Release|Win32
		{13E19BDB-B52F-41DA-8AC3-AA7DE939289E}.Release|x86.Build.0 = Release|Win32
		{E203A21B-9750-435A-8E47-83D0223E2FEF}.Debug|x64.ActiveCfg = Debug|x64
		{E203A21B-9750-435A-8E47-83D0223E2FEF}.Debug|x64.Build.0 = Debug|x64
		{E203A21B-9750-435A-8E47-83D0223E2FEF}.Debug|x86.ActiveCfg = Debug|Win32
		{E203A21B-9750-435A-8E47-83D0223E2FEF}.Debug|x86.Build.0 = Debug|Win32
		{E203A21B-9750-435A-8E47-83D0223E2FEF}.Release|x64.ActiveCfg = Release|x64
		{E203A21B-9750-435A-8E47-83D0223E2FEF}.Release|x64.Build.0 = Release|x64
		{E203A21B-9750-435A-8E47-83D0223E2FEF}.Release|x86.ActiveCfg = Release|Win32
		{E203A21B-9750-435A-8E47-83D0223E2FEF}.Release|x86.Build.0 = Release|Win32
	EndGlobalSection
	GlobalSection(SolutionProperties) = preSolution
		HideSolutionNode = FALSE
	EndGlobalSection
	GlobalSection(NestedProjects) = preSolution
		{13E19BDB-B52F-41DA-8AC3-AA7DE939289E} = {50F490CC-45FF-46A1-AEA8-12E74C628021}
		{E203A21B-9750-435A-8E47-83D0223E2FEF} = {C17B5506-5359-437C-8A52-7A73B950D353}
	EndGlobalSection
	GlobalSection(ExtensibilityGlobals) = postSolution
		SolutionGuid = {9C158A30-A027-424E-9A9F-CAAF3E21E904}
	EndGlobalSection
EndGlobal
